
Microsoft Visual Studio Solution File, Format Version 12.00
# Visual Studio Version 16
VisualStudioVersion = 16.0.29709.97
MinimumVisualStudioVersion = 10.0.40219.1
Project("{FAE04EC0-301F-11D3-BF4B-00C04F79EFBC}") = "ShoppingCartKataAndy", "ShoppingCartKataAndy\ShoppingCartKataAndy.csproj", "{5C2E9AC3-3541-4132-9907-C316F44AB99F}"
EndProject
Project("{FAE04EC0-301F-11D3-BF4B-00C04F79EFBC}") = "ShoppingCartKataAndy.Tests", "ShoppingCartKataAndy.Tests\ShoppingCartKataAndy.Tests.csproj", "{B6A7DC5E-B2B1-4669-B9AA-07D63DB6AD9C}"
EndProject
Global
	GlobalSection(SolutionConfigurationPlatforms) = preSolution
		Debug|Any CPU = Debug|Any CPU
		Release|Any CPU = Release|Any CPU
	EndGlobalSection
	GlobalSection(ProjectConfigurationPlatforms) = postSolution
		{5C2E9AC3-3541-4132-9907-C316F44AB99F}.Debug|Any CPU.ActiveCfg = Debug|Any CPU
		{5C2E9AC3-3541-4132-9907-C316F44AB99F}.Debug|Any CPU.Build.0 = Debug|Any CPU
		{5C2E9AC3-3541-4132-9907-C316F44AB99F}.Release|Any CPU.ActiveCfg = Release|Any CPU
		{5C2E9AC3-3541-4132-9907-C316F44AB99F}.Release|Any CPU.Build.0 = Release|Any CPU
		{B6A7DC5E-B2B1-4669-B9AA-07D63DB6AD9C}.Debug|Any CPU.ActiveCfg = Debug|Any CPU
		{B6A7DC5E-B2B1-4669-B9AA-07D63DB6AD9C}.Debug|Any CPU.Build.0 = Debug|Any CPU
		{B6A7DC5E-B2B1-4669-B9AA-07D63DB6AD9C}.Release|Any CPU.ActiveCfg = Release|Any CPU
		{B6A7DC5E-B2B1-4669-B9AA-07D63DB6AD9C}.Release|Any CPU.Build.0 = Release|Any CPU
	EndGlobalSection
	GlobalSection(SolutionProperties) = preSolution
		HideSolutionNode = FALSE
	EndGlobalSection
	GlobalSection(ExtensibilityGlobals) = postSolution
		SolutionGuid = {4ABB0365-A218-4D78-BDFD-838CF760D74B}
	EndGlobalSection
EndGlobal
